
Microsoft Visual Studio Solution File, Format Version 12.00
# Visual Studio 15
VisualStudioVersion = 15.0.28307.1022
MinimumVisualStudioVersion = 10.0.40219.1
Project("{888888A0-9F3D-457C-B088-3A5042F75D52}") = "laser_stabilization", "laser_stabilization\laser_stabilization.pyproj", "{FB80EEFE-E2CD-40DB-94D5-B9ED8208D949}"
EndProject
Global
	GlobalSection(SolutionConfigurationPlatforms) = preSolution
		Debug|Any CPU = Debug|Any CPU
		Release|Any CPU = Release|Any CPU
	EndGlobalSection
	GlobalSection(ProjectConfigurationPlatforms) = postSolution
		{FB80EEFE-E2CD-40DB-94D5-B9ED8208D949}.Debug|Any CPU.ActiveCfg = Debug|Any CPU
		{FB80EEFE-E2CD-40DB-94D5-B9ED8208D949}.Release|Any CPU.ActiveCfg = Release|Any CPU
	EndGlobalSection
	GlobalSection(SolutionProperties) = preSolution
		HideSolutionNode = FALSE
	EndGlobalSection
	GlobalSection(ExtensibilityGlobals) = postSolution
		SolutionGuid = {E44ADE11-01F8-4EAF-A300-873968EB0A18}
	EndGlobalSection
EndGlobal
